
Microsoft Visual Studio Solution File, Format Version 12.00
# Visual Studio Version 17
VisualStudioVersion = 17.0.31903.59
MinimumVisualStudioVersion = 10.0.40219.1
Project("{FAE04EC0-301F-11D3-BF4B-00C04F79EFBC}") = "HelperLib", "HelperLib\HelperLib.csproj", "{B69AABB0-D6C7-47EF-9817-87315175FB55}"
EndProject
Project("{FAE04EC0-301F-11D3-BF4B-00C04F79EFBC}") = "API", "API\API.csproj", "{F713E369-2BBC-474B-83D2-8DB2F39BCC21}"
EndProject
Global
	GlobalSection(SolutionConfigurationPlatforms) = preSolution
		Debug|Any CPU = Debug|Any CPU
		Release|Any CPU = Release|Any CPU
	EndGlobalSection
	GlobalSection(SolutionProperties) = preSolution
		HideSolutionNode = FALSE
	EndGlobalSection
	GlobalSection(ProjectConfigurationPlatforms) = postSolution
		{B69AABB0-D6C7-47EF-9817-87315175FB55}.Debug|Any CPU.ActiveCfg = Debug|Any CPU
		{B69AABB0-D6C7-47EF-9817-87315175FB55}.Debug|Any CPU.Build.0 = Debug|Any CPU
		{B69AABB0-D6C7-47EF-9817-87315175FB55}.Release|Any CPU.ActiveCfg = Release|Any CPU
		{B69AABB0-D6C7-47EF-9817-87315175FB55}.Release|Any CPU.Build.0 = Release|Any CPU
		{F713E369-2BBC-474B-83D2-8DB2F39BCC21}.Debug|Any CPU.ActiveCfg = Debug|Any CPU
		{F713E369-2BBC-474B-83D2-8DB2F39BCC21}.Debug|Any CPU.Build.0 = Debug|Any CPU
		{F713E369-2BBC-474B-83D2-8DB2F39BCC21}.Release|Any CPU.ActiveCfg = Release|Any CPU
		{F713E369-2BBC-474B-83D2-8DB2F39BCC21}.Release|Any CPU.Build.0 = Release|Any CPU
	EndGlobalSection
EndGlobal
